// !$*UTF8*$!
{
	archiveVersion = 1;
	classes = {
	};
	objectVersion = 56;
	objects = {

/* Begin PBXBuildFile section */
		9E5DAE412991522B009734B2 /* AppDelegate.swift in Sources */ = {isa = PBXBuildFile; fileRef = 9E5DAE402991522B009734B2 /* AppDelegate.swift */; };
		9E5DAE432991522B009734B2 /* SceneDelegate.swift in Sources */ = {isa = PBXBuildFile; fileRef = 9E5DAE422991522B009734B2 /* SceneDelegate.swift */; };
		9E5DAE452991522B009734B2 /* ViewController.swift in Sources */ = {isa = PBXBuildFile; fileRef = 9E5DAE442991522B009734B2 /* ViewController.swift */; };
		9E5DAE482991522B009734B2 /* Main.storyboard in Resources */ = {isa = PBXBuildFile; fileRef = 9E5DAE462991522B009734B2 /* Main.storyboard */; };
		9E5DAE4A2991522C009734B2 /* Assets.xcassets in Resources */ = {isa = PBXBuildFile; fileRef = 9E5DAE492991522C009734B2 /* Assets.xcassets */; };
		9E5DAE4D2991522C009734B2 /* LaunchScreen.storyboard in Resources */ = {isa = PBXBuildFile; fileRef = 9E5DAE4B2991522C009734B2 /* LaunchScreen.storyboard */; };
		9E5DAE582991522C009734B2 /* mat_zipTests.swift in Sources */ = {isa = PBXBuildFile; fileRef = 9E5DAE572991522C009734B2 /* mat_zipTests.swift */; };
		9E5DAE622991522C009734B2 /* mat_zipUITests.swift in Sources */ = {isa = PBXBuildFile; fileRef = 9E5DAE612991522C009734B2 /* mat_zipUITests.swift */; };
		9E5DAE642991522C009734B2 /* mat_zipUITestsLaunchTests.swift in Sources */ = {isa = PBXBuildFile; fileRef = 9E5DAE632991522C009734B2 /* mat_zipUITestsLaunchTests.swift */; };
/* End PBXBuildFile section */

/* Begin PBXContainerItemProxy section */
		9E5DAE542991522C009734B2 /* PBXContainerItemProxy */ = {
			isa = PBXContainerItemProxy;
			containerPortal = 9E5DAE352991522B009734B2 /* Project object */;
			proxyType = 1;
			remoteGlobalIDString = 9E5DAE3C2991522B009734B2;
			remoteInfo = "mat-zip";
		};
		9E5DAE5E2991522C009734B2 /* PBXContainerItemProxy */ = {
			isa = PBXContainerItemProxy;
			containerPortal = 9E5DAE352991522B009734B2 /* Project object */;
			proxyType = 1;
			remoteGlobalIDString = 9E5DAE3C2991522B009734B2;
			remoteInfo = "mat-zip";
		};
/* End PBXContainerItemProxy section */

/* Begin PBXFileReference section */
		9E5DAE3D2991522B009734B2 /* mat-zip.app */ = {isa = PBXFileReference; explicitFileType = wrapper.application; includeInIndex = 0; path = "mat-zip.app"; sourceTree = BUILT_PRODUCTS_DIR; };
		9E5DAE402991522B009734B2 /* AppDelegate.swift */ = {isa = PBXFileReference; lastKnownFileType = sourcecode.swift; path = AppDelegate.swift; sourceTree = "<group>"; };
		9E5DAE422991522B009734B2 /* SceneDelegate.swift */ = {isa = PBXFileReference; lastKnownFileType = sourcecode.swift; path = SceneDelegate.swift; sourceTree = "<group>"; };
		9E5DAE442991522B009734B2 /* ViewController.swift */ = {isa = PBXFileReference; lastKnownFileType = sourcecode.swift; path = ViewController.swift; sourceTree = "<group>"; };
		9E5DAE472991522B009734B2 /* Base */ = {isa = PBXFileReference; lastKnownFileType = file.storyboard; name = Base; path = Base.lproj/Main.storyboard; sourceTree = "<group>"; };
		9E5DAE492991522C009734B2 /* Assets.xcassets */ = {isa = PBXFileReference; lastKnownFileType = folder.assetcatalog; path = Assets.xcassets; sourceTree = "<group>"; };
		9E5DAE4C2991522C009734B2 /* Base */ = {isa = PBXFileReference; lastKnownFileType = file.storyboard; name = Base; path = Base.lproj/LaunchScreen.storyboard; sourceTree = "<group>"; };
		9E5DAE4E2991522C009734B2 /* Info.plist */ = {isa = PBXFileReference; lastKnownFileType = text.plist.xml; path = Info.plist; sourceTree = "<group>"; };
		9E5DAE532991522C009734B2 /* mat-zipTests.xctest */ = {isa = PBXFileReference; explicitFileType = wrapper.cfbundle; includeInIndex = 0; path = "mat-zipTests.xctest"; sourceTree = BUILT_PRODUCTS_DIR; };
		9E5DAE572991522C009734B2 /* mat_zipTests.swift */ = {isa = PBXFileReference; lastKnownFileType = sourcecode.swift; path = mat_zipTests.swift; sourceTree = "<group>"; };
		9E5DAE5D2991522C009734B2 /* mat-zipUITests.xctest */ = {isa = PBXFileReference; explicitFileType = wrapper.cfbundle; includeInIndex = 0; path = "mat-zipUITests.xctest"; sourceTree = BUILT_PRODUCTS_DIR; };
		9E5DAE612991522C009734B2 /* mat_zipUITests.swift */ = {isa = PBXFileReference; lastKnownFileType = sourcecode.swift; path = mat_zipUITests.swift; sourceTree = "<group>"; };
		9E5DAE632991522C009734B2 /* mat_zipUITestsLaunchTests.swift */ = {isa = PBXFileReference; lastKnownFileType = sourcecode.swift; path = mat_zipUITestsLaunchTests.swift; sourceTree = "<group>"; };
/* End PBXFileReference section */

/* Begin PBXFrameworksBuildPhase section */
		9E5DAE3A2991522B009734B2 /* Frameworks */ = {
			isa = PBXFrameworksBuildPhase;
			buildActionMask = 2147483647;
			files = (
			);
			runOnlyForDeploymentPostprocessing = 0;
		};
		9E5DAE502991522C009734B2 /* Frameworks */ = {
			isa = PBXFrameworksBuildPhase;
			buildActionMask = 2147483647;
			files = (
			);
			runOnlyForDeploymentPostprocessing = 0;
		};
		9E5DAE5A2991522C009734B2 /* Frameworks */ = {
			isa = PBXFrameworksBuildPhase;
			buildActionMask = 2147483647;
			files = (
			);
			runOnlyForDeploymentPostprocessing = 0;
		};
/* End PBXFrameworksBuildPhase section */

/* Begin PBXGroup section */
		9E5DAE342991522B009734B2 = {
			isa = PBXGroup;
			children = (
				9E5DAE3F2991522B009734B2 /* mat-zip */,
				9E5DAE562991522C009734B2 /* mat-zipTests */,
				9E5DAE602991522C009734B2 /* mat-zipUITests */,
				9E5DAE3E2991522B009734B2 /* Products */,
			);
			sourceTree = "<group>";
		};
		9E5DAE3E2991522B009734B2 /* Products */ = {
			isa = PBXGroup;
			children = (
				9E5DAE3D2991522B009734B2 /* mat-zip.app */,
				9E5DAE532991522C009734B2 /* mat-zipTests.xctest */,
				9E5DAE5D2991522C009734B2 /* mat-zipUITests.xctest */,
			);
			name = Products;
			sourceTree = "<group>";
		};
		9E5DAE3F2991522B009734B2 /* mat-zip */ = {
			isa = PBXGroup;
			children = (
				9E5DAE402991522B009734B2 /* AppDelegate.swift */,
				9E5DAE422991522B009734B2 /* SceneDelegate.swift */,
				9E5DAE442991522B009734B2 /* ViewController.swift */,
				9E5DAE462991522B009734B2 /* Main.storyboard */,
				9E5DAE492991522C009734B2 /* Assets.xcassets */,
				9E5DAE4B2991522C009734B2 /* LaunchScreen.storyboard */,
				9E5DAE4E2991522C009734B2 /* Info.plist */,
			);
			path = "mat-zip";
			sourceTree = "<group>";
		};
		9E5DAE562991522C009734B2 /* mat-zipTests */ = {
			isa = PBXGroup;
			children = (
				9E5DAE572991522C009734B2 /* mat_zipTests.swift */,
			);
			path = "mat-zipTests";
			sourceTree = "<group>";
		};
		9E5DAE602991522C009734B2 /* mat-zipUITests */ = {
			isa = PBXGroup;
			children = (
				9E5DAE612991522C009734B2 /* mat_zipUITests.swift */,
				9E5DAE632991522C009734B2 /* mat_zipUITestsLaunchTests.swift */,
			);
			path = "mat-zipUITests";
			sourceTree = "<group>";
		};
/* End PBXGroup section */

/* Begin PBXNativeTarget section */
		9E5DAE3C2991522B009734B2 /* mat-zip */ = {
			isa = PBXNativeTarget;
			buildConfigurationList = 9E5DAE672991522C009734B2 /* Build configuration list for PBXNativeTarget "mat-zip" */;
			buildPhases = (
				9E5DAE392991522B009734B2 /* Sources */,
				9E5DAE3A2991522B009734B2 /* Frameworks */,
				9E5DAE3B2991522B009734B2 /* Resources */,
			);
			buildRules = (
			);
			dependencies = (
			);
			name = "mat-zip";
			productName = "mat-zip";
			productReference = 9E5DAE3D2991522B009734B2 /* mat-zip.app */;
			productType = "com.apple.product-type.application";
		};
		9E5DAE522991522C009734B2 /* mat-zipTests */ = {
			isa = PBXNativeTarget;
			buildConfigurationList = 9E5DAE6A2991522C009734B2 /* Build configuration list for PBXNativeTarget "mat-zipTests" */;
			buildPhases = (
				9E5DAE4F2991522C009734B2 /* Sources */,
				9E5DAE502991522C009734B2 /* Frameworks */,
				9E5DAE512991522C009734B2 /* Resources */,
			);
			buildRules = (
			);
			dependencies = (
				9E5DAE552991522C009734B2 /* PBXTargetDependency */,
			);
			name = "mat-zipTests";
			productName = "mat-zipTests";
			productReference = 9E5DAE532991522C009734B2 /* mat-zipTests.xctest */;
			productType = "com.apple.product-type.bundle.unit-test";
		};
		9E5DAE5C2991522C009734B2 /* mat-zipUITests */ = {
			isa = PBXNativeTarget;
			buildConfigurationList = 9E5DAE6D2991522C009734B2 /* Build configuration list for PBXNativeTarget "mat-zipUITests" */;
			buildPhases = (
				9E5DAE592991522C009734B2 /* Sources */,
				9E5DAE5A2991522C009734B2 /* Frameworks */,
				9E5DAE5B2991522C009734B2 /* Resources */,
			);
			buildRules = (
			);
			dependencies = (
				9E5DAE5F2991522C009734B2 /* PBXTargetDependency */,
			);
			name = "mat-zipUITests";
			productName = "mat-zipUITests";
			productReference = 9E5DAE5D2991522C009734B2 /* mat-zipUITests.xctest */;
			productType = "com.apple.product-type.bundle.ui-testing";
		};
/* End PBXNativeTarget section */

/* Begin PBXProject section */
		9E5DAE352991522B009734B2 /* Project object */ = {
			isa = PBXProject;
			attributes = {
				BuildIndependentTargetsInParallel = 1;
				LastSwiftUpdateCheck = 1410;
				LastUpgradeCheck = 1410;
				TargetAttributes = {
					9E5DAE3C2991522B009734B2 = {
						CreatedOnToolsVersion = 14.1;
					};
					9E5DAE522991522C009734B2 = {
						CreatedOnToolsVersion = 14.1;
						TestTargetID = 9E5DAE3C2991522B009734B2;
					};
					9E5DAE5C2991522C009734B2 = {
						CreatedOnToolsVersion = 14.1;
						TestTargetID = 9E5DAE3C2991522B009734B2;
					};
				};
			};
			buildConfigurationList = 9E5DAE382991522B009734B2 /* Build configuration list for PBXProject "mat-zip" */;
			compatibilityVersion = "Xcode 14.0";
			developmentRegion = en;
			hasScannedForEncodings = 0;
			knownRegions = (
				en,
				Base,
			);
			mainGroup = 9E5DAE342991522B009734B2;
			productRefGroup = 9E5DAE3E2991522B009734B2 /* Products */;
			projectDirPath = "";
			projectRoot = "";
			targets = (
				9E5DAE3C2991522B009734B2 /* mat-zip */,
				9E5DAE522991522C009734B2 /* mat-zipTests */,
				9E5DAE5C2991522C009734B2 /* mat-zipUITests */,
			);
		};
/* End PBXProject section */

/* Begin PBXResourcesBuildPhase section */
		9E5DAE3B2991522B009734B2 /* Resources */ = {
			isa = PBXResourcesBuildPhase;
			buildActionMask = 2147483647;
			files = (
				9E5DAE4D2991522C009734B2 /* LaunchScreen.storyboard in Resources */,
				9E5DAE4A2991522C009734B2 /* Assets.xcassets in Resources */,
				9E5DAE482991522B009734B2 /* Main.storyboard in Resources */,
			);
			runOnlyForDeploymentPostprocessing = 0;
		};
		9E5DAE512991522C009734B2 /* Resources */ = {
			isa = PBXResourcesBuildPhase;
			buildActionMask = 2147483647;
			files = (
			);
			runOnlyForDeploymentPostprocessing = 0;
		};
		9E5DAE5B2991522C009734B2 /* Resources */ = {
			isa = PBXResourcesBuildPhase;
			buildActionMask = 2147483647;
			files = (
			);
			runOnlyForDeploymentPostprocessing = 0;
		};
/* End PBXResourcesBuildPhase section */

/* Begin PBXSourcesBuildPhase section */
		9E5DAE392991522B009734B2 /* Sources */ = {
			isa = PBXSourcesBuildPhase;
			buildActionMask = 2147483647;
			files = (
				9E5DAE452991522B009734B2 /* ViewController.swift in Sources */,
				9E5DAE412991522B009734B2 /* AppDelegate.swift in Sources */,
				9E5DAE432991522B009734B2 /* SceneDelegate.swift in Sources */,
			);
			runOnlyForDeploymentPostprocessing = 0;
		};
		9E5DAE4F2991522C009734B2 /* Sources */ = {
			isa = PBXSourcesBuildPhase;
			buildActionMask = 2147483647;
			files = (
				9E5DAE582991522C009734B2 /* mat_zipTests.swift in Sources */,
			);
			runOnlyForDeploymentPostprocessing = 0;
		};
		9E5DAE592991522C009734B2 /* Sources */ = {
			isa = PBXSourcesBuildPhase;
			buildActionMask = 2147483647;
			files = (
				9E5DAE622991522C009734B2 /* mat_zipUITests.swift in Sources */,
				9E5DAE642991522C009734B2 /* mat_zipUITestsLaunchTests.swift in Sources */,
			);
			runOnlyForDeploymentPostprocessing = 0;
		};
/* End PBXSourcesBuildPhase section */

/* Begin PBXTargetDependency section */
		9E5DAE552991522C009734B2 /* PBXTargetDependency */ = {
			isa = PBXTargetDependency;
			target = 9E5DAE3C2991522B009734B2 /* mat-zip */;
			targetProxy = 9E5DAE542991522C009734B2 /* PBXContainerItemProxy */;
		};
		9E5DAE5F2991522C009734B2 /* PBXTargetDependency */ = {
			isa = PBXTargetDependency;
			target = 9E5DAE3C2991522B009734B2 /* mat-zip */;
			targetProxy = 9E5DAE5E2991522C009734B2 /* PBXContainerItemProxy */;
		};
/* End PBXTargetDependency section */

/* Begin PBXVariantGroup section */
		9E5DAE462991522B009734B2 /* Main.storyboard */ = {
			isa = PBXVariantGroup;
			children = (
				9E5DAE472991522B009734B2 /* Base */,
			);
			name = Main.storyboard;
			sourceTree = "<group>";
		};
		9E5DAE4B2991522C009734B2 /* LaunchScreen.storyboard */ = {
			isa = PBXVariantGroup;
			children = (
				9E5DAE4C2991522C009734B2 /* Base */,
			);
			name = LaunchScreen.storyboard;
			sourceTree = "<group>";
		};
/* End PBXVariantGroup section */

/* Begin XCBuildConfiguration section */
		9E5DAE652991522C009734B2 /* Debug */ = {
			isa = XCBuildConfiguration;
			buildSettings = {
				ALWAYS_SEARCH_USER_PATHS = NO;
				CLANG_ANALYZER_NONNULL = YES;
				CLANG_ANALYZER_NUMBER_OBJECT_CONVERSION = YES_AGGRESSIVE;
				CLANG_CXX_LANGUAGE_STANDARD = "gnu++20";
				CLANG_ENABLE_MODULES = YES;
				CLANG_ENABLE_OBJC_ARC = YES;
				CLANG_ENABLE_OBJC_WEAK = YES;
				CLANG_WARN_BLOCK_CAPTURE_AUTORELEASING = YES;
				CLANG_WARN_BOOL_CONVERSION = YES;
				CLANG_WARN_COMMA = YES;
				CLANG_WARN_CONSTANT_CONVERSION = YES;
				CLANG_WARN_DEPRECATED_OBJC_IMPLEMENTATIONS = YES;
				CLANG_WARN_DIRECT_OBJC_ISA_USAGE = YES_ERROR;
				CLANG_WARN_DOCUMENTATION_COMMENTS = YES;
				CLANG_WARN_EMPTY_BODY = YES;
				CLANG_WARN_ENUM_CONVERSION = YES;
				CLANG_WARN_INFINITE_RECURSION = YES;
				CLANG_WARN_INT_CONVERSION = YES;
				CLANG_WARN_NON_LITERAL_NULL_CONVERSION = YES;
				CLANG_WARN_OBJC_IMPLICIT_RETAIN_SELF = YES;
				CLANG_WARN_OBJC_LITERAL_CONVERSION = YES;
				CLANG_WARN_OBJC_ROOT_CLASS = YES_ERROR;
				CLANG_WARN_QUOTED_INCLUDE_IN_FRAMEWORK_HEADER = YES;
				CLANG_WARN_RANGE_LOOP_ANALYSIS = YES;
				CLANG_WARN_STRICT_PROTOTYPES = YES;
				CLANG_WARN_SUSPICIOUS_MOVE = YES;
				CLANG_WARN_UNGUARDED_AVAILABILITY = YES_AGGRESSIVE;
				CLANG_WARN_UNREACHABLE_CODE = YES;
				CLANG_WARN__DUPLICATE_METHOD_MATCH = YES;
				COPY_PHASE_STRIP = NO;
				DEBUG_INFORMATION_FORMAT = dwarf;
				ENABLE_STRICT_OBJC_MSGSEND = YES;
				ENABLE_TESTABILITY = YES;
				GCC_C_LANGUAGE_STANDARD = gnu11;
				GCC_DYNAMIC_NO_PIC = NO;
				GCC_NO_COMMON_BLOCKS = YES;
				GCC_OPTIMIZATION_LEVEL = 0;
				GCC_PREPROCESSOR_DEFINITIONS = (
					"DEBUG=1",
					"$(inherited)",
				);
				GCC_WARN_64_TO_32_BIT_CONVERSION = YES;
				GCC_WARN_ABOUT_RETURN_TYPE = YES_ERROR;
				GCC_WARN_UNDECLARED_SELECTOR = YES;
				GCC_WARN_UNINITIALIZED_AUTOS = YES_AGGRESSIVE;
				GCC_WARN_UNUSED_FUNCTION = YES;
				GCC_WARN_UNUSED_VARIABLE = YES;
				IPHONEOS_DEPLOYMENT_TARGET = 16.1;
				MTL_ENABLE_DEBUG_INFO = INCLUDE_SOURCE;
				MTL_FAST_MATH = YES;
				ONLY_ACTIVE_ARCH = YES;
				SDKROOT = iphoneos;
				SWIFT_ACTIVE_COMPILATION_CONDITIONS = DEBUG;
				SWIFT_OPTIMIZATION_LEVEL = "-Onone";
			};
			name = Debug;
		};
		9E5DAE662991522C009734B2 /* Release */ = {
			isa = XCBuildConfiguration;
			buildSettings = {
				ALWAYS_SEARCH_USER_PATHS = NO;
				CLANG_ANALYZER_NONNULL = YES;
				CLANG_ANALYZER_NUMBER_OBJECT_CONVERSION = YES_AGGRESSIVE;
				CLANG_CXX_LANGUAGE_STANDARD = "gnu++20";
				CLANG_ENABLE_MODULES = YES;
				CLANG_ENABLE_OBJC_ARC = YES;
				CLANG_ENABLE_OBJC_WEAK = YES;
				CLANG_WARN_BLOCK_CAPTURE_AUTORELEASING = YES;
				CLANG_WARN_BOOL_CONVERSION = YES;
				CLANG_WARN_COMMA = YES;
				CLANG_WARN_CONSTANT_CONVERSION = YES;
				CLANG_WARN_DEPRECATED_OBJC_IMPLEMENTATIONS = YES;
				CLANG_WARN_DIRECT_OBJC_ISA_USAGE = YES_ERROR;
				CLANG_WARN_DOCUMENTATION_COMMENTS = YES;
				CLANG_WARN_EMPTY_BODY = YES;
				CLANG_WARN_ENUM_CONVERSION = YES;
				CLANG_WARN_INFINITE_RECURSION = YES;
				CLANG_WARN_INT_CONVERSION = YES;
				CLANG_WARN_NON_LITERAL_NULL_CONVERSION = YES;
				CLANG_WARN_OBJC_IMPLICIT_RETAIN_SELF = YES;
				CLANG_WARN_OBJC_LITERAL_CONVERSION = YES;
				CLANG_WARN_OBJC_ROOT_CLASS = YES_ERROR;
				CLANG_WARN_QUOTED_INCLUDE_IN_FRAMEWORK_HEADER = YES;
				CLANG_WARN_RANGE_LOOP_ANALYSIS = YES;
				CLANG_WARN_STRICT_PROTOTYPES = YES;
				CLANG_WARN_SUSPICIOUS_MOVE = YES;
				CLANG_WARN_UNGUARDED_AVAILABILITY = YES_AGGRESSIVE;
				CLANG_WARN_UNREACHABLE_CODE = YES;
				CLANG_WARN__DUPLICATE_METHOD_MATCH = YES;
				COPY_PHASE_STRIP = NO;
				DEBUG_INFORMATION_FORMAT = "dwarf-with-dsym";
				ENABLE_NS_ASSERTIONS = NO;
				ENABLE_STRICT_OBJC_MSGSEND = YES;
				GCC_C_LANGUAGE_STANDARD = gnu11;
				GCC_NO_COMMON_BLOCKS = YES;
				GCC_WARN_64_TO_32_BIT_CONVERSION = YES;
				GCC_WARN_ABOUT_RETURN_TYPE = YES_ERROR;
				GCC_WARN_UNDECLARED_SELECTOR = YES;
				GCC_WARN_UNINITIALIZED_AUTOS = YES_AGGRESSIVE;
				GCC_WARN_UNUSED_FUNCTION = YES;
				GCC_WARN_UNUSED_VARIABLE = YES;
				IPHONEOS_DEPLOYMENT_TARGET = 16.1;
				MTL_ENABLE_DEBUG_INFO = NO;
				MTL_FAST_MATH = YES;
				SDKROOT = iphoneos;
				SWIFT_COMPILATION_MODE = wholemodule;
				SWIFT_OPTIMIZATION_LEVEL = "-O";
				VALIDATE_PRODUCT = YES;
			};
			name = Release;
		};
		9E5DAE682991522C009734B2 /* Debug */ = {
			isa = XCBuildConfiguration;
			buildSettings = {
				ASSETCATALOG_COMPILER_APPICON_NAME = AppIcon;
				ASSETCATALOG_COMPILER_GLOBAL_ACCENT_COLOR_NAME = AccentColor;
				CODE_SIGN_STYLE = Automatic;
				CURRENT_PROJECT_VERSION = 1;
				GENERATE_INFOPLIST_FILE = YES;
				INFOPLIST_FILE = "mat-zip/Info.plist";
				INFOPLIST_KEY_UIApplicationSupportsIndirectInputEvents = YES;
				INFOPLIST_KEY_UILaunchStoryboardName = LaunchScreen;
				INFOPLIST_KEY_UIMainStoryboardFile = Main;
				INFOPLIST_KEY_UISupportedInterfaceOrientations_iPad = "UIInterfaceOrientationPortrait UIInterfaceOrientationPortraitUpsideDown UIInterfaceOrientationLandscapeLeft UIInterfaceOrientationLandscapeRight";
				INFOPLIST_KEY_UISupportedInterfaceOrientations_iPhone = "UIInterfaceOrientationPortrait UIInterfaceOrientationLandscapeLeft UIInterfaceOrientationLandscapeRight";
				LD_RUNPATH_SEARCH_PATHS = (
					"$(inherited)",
					"@executable_path/Frameworks",
				);
				MARKETING_VERSION = 1.0;
				PRODUCT_BUNDLE_IDENTIFIER = "hyoeun.mat-zip";
				PRODUCT_NAME = "$(TARGET_NAME)";
				SWIFT_EMIT_LOC_STRINGS = YES;
				SWIFT_VERSION = 5.0;
				TARGETED_DEVICE_FAMILY = "1,2";
			};
			name = Debug;
		};
		9E5DAE692991522C009734B2 /* Release */ = {
			isa = XCBuildConfiguration;
			buildSettings = {
				ASSETCATALOG_COMPILER_APPICON_NAME = AppIcon;
				ASSETCATALOG_COMPILER_GLOBAL_ACCENT_COLOR_NAME = AccentColor;
				CODE_SIGN_STYLE = Automatic;
				CURRENT_PROJECT_VERSION = 1;
				GENERATE_INFOPLIST_FILE = YES;
				INFOPLIST_FILE = "mat-zip/Info.plist";
				INFOPLIST_KEY_UIApplicationSupportsIndirectInputEvents = YES;
				INFOPLIST_KEY_UILaunchStoryboardName = LaunchScreen;
				INFOPLIST_KEY_UIMainStoryboardFile = Main;
				INFOPLIST_KEY_UISupportedInterfaceOrientations_iPad = "UIInterfaceOrientationPortrait UIInterfaceOrientationPortraitUpsideDown UIInterfaceOrientationLandscapeLeft UIInterfaceOrientationLandscapeRight";
				INFOPLIST_KEY_UISupportedInterfaceOrientations_iPhone = "UIInterfaceOrientationPortrait UIInterfaceOrientationLandscapeLeft UIInterfaceOrientationLandscapeRight";
				LD_RUNPATH_SEARCH_PATHS = (
					"$(inherited)",
					"@executable_path/Frameworks",
				);
				MARKETING_VERSION = 1.0;
				PRODUCT_BUNDLE_IDENTIFIER = "hyoeun.mat-zip";
				PRODUCT_NAME = "$(TARGET_NAME)";
				SWIFT_EMIT_LOC_STRINGS = YES;
				SWIFT_VERSION = 5.0;
				TARGETED_DEVICE_FAMILY = "1,2";
			};
			name = Release;
		};
		9E5DAE6B2991522C009734B2 /* Debug */ = {
			isa = XCBuildConfiguration;
			buildSettings = {
				ALWAYS_EMBED_SWIFT_STANDARD_LIBRARIES = YES;
				BUNDLE_LOADER = "$(TEST_HOST)";
				CODE_SIGN_STYLE = Automatic;
				CURRENT_PROJECT_VERSION = 1;
				GENERATE_INFOPLIST_FILE = YES;
				IPHONEOS_DEPLOYMENT_TARGET = 16.1;
				MARKETING_VERSION = 1.0;
				PRODUCT_BUNDLE_IDENTIFIER = "hyoeun.mat-zipTests";
				PRODUCT_NAME = "$(TARGET_NAME)";
				SWIFT_EMIT_LOC_STRINGS = NO;
				SWIFT_VERSION = 5.0;
				TARGETED_DEVICE_FAMILY = "1,2";
				TEST_HOST = "$(BUILT_PRODUCTS_DIR)/mat-zip.app/$(BUNDLE_EXECUTABLE_FOLDER_PATH)/mat-zip";
			};
			name = Debug;
		};
		9E5DAE6C2991522C009734B2 /* Release */ = {
			isa = XCBuildConfiguration;
			buildSettings = {
				ALWAYS_EMBED_SWIFT_STANDARD_LIBRARIES = YES;
				BUNDLE_LOADER = "$(TEST_HOST)";
				CODE_SIGN_STYLE = Automatic;
				CURRENT_PROJECT_VERSION = 1;
				GENERATE_INFOPLIST_FILE = YES;
				IPHONEOS_DEPLOYMENT_TARGET = 16.1;
				MARKETING_VERSION = 1.0;
				PRODUCT_BUNDLE_IDENTIFIER = "hyoeun.mat-zipTests";
				PRODUCT_NAME = "$(TARGET_NAME)";
				SWIFT_EMIT_LOC_STRINGS = NO;
				SWIFT_VERSION = 5.0;
				TARGETED_DEVICE_FAMILY = "1,2";
				TEST_HOST = "$(BUILT_PRODUCTS_DIR)/mat-zip.app/$(BUNDLE_EXECUTABLE_FOLDER_PATH)/mat-zip";
			};
			name = Release;
		};
		9E5DAE6E2991522C009734B2 /* Debug */ = {
			isa = XCBuildConfiguration;
			buildSettings = {
				ALWAYS_EMBED_SWIFT_STANDARD_LIBRARIES = YES;
				CODE_SIGN_STYLE = Automatic;
				CURRENT_PROJECT_VERSION = 1;
				GENERATE_INFOPLIST_FILE = YES;
				MARKETING_VERSION = 1.0;
				PRODUCT_BUNDLE_IDENTIFIER = "hyoeun.mat-zipUITests";
				PRODUCT_NAME = "$(TARGET_NAME)";
				SWIFT_EMIT_LOC_STRINGS = NO;
				SWIFT_VERSION = 5.0;
				TARGETED_DEVICE_FAMILY = "1,2";
				TEST_TARGET_NAME = "mat-zip";
			};
			name = Debug;
		};
		9E5DAE6F2991522C009734B2 /* Release */ = {
			isa = XCBuildConfiguration;
			buildSettings = {
				ALWAYS_EMBED_SWIFT_STANDARD_LIBRARIES = YES;
				CODE_SIGN_STYLE = Automatic;
				CURRENT_PROJECT_VERSION = 1;
				GENERATE_INFOPLIST_FILE = YES;
				MARKETING_VERSION = 1.0;
				PRODUCT_BUNDLE_IDENTIFIER = "hyoeun.mat-zipUITests";
				PRODUCT_NAME = "$(TARGET_NAME)";
				SWIFT_EMIT_LOC_STRINGS = NO;
				SWIFT_VERSION = 5.0;
				TARGETED_DEVICE_FAMILY = "1,2";
				TEST_TARGET_NAME = "mat-zip";
			};
			name = Release;
		};
/* End XCBuildConfiguration section */

/* Begin XCConfigurationList section */
		9E5DAE382991522B009734B2 /* Build configuration list for PBXProject "mat-zip" */ = {
			isa = XCConfigurationList;
			buildConfigurations = (
				9E5DAE652991522C009734B2 /* Debug */,
				9E5DAE662991522C009734B2 /* Release */,
			);
			defaultConfigurationIsVisible = 0;
			defaultConfigurationName = Release;
		};
		9E5DAE672991522C009734B2 /* Build configuration list for PBXNativeTarget "mat-zip" */ = {
			isa = XCConfigurationList;
			buildConfigurations = (
				9E5DAE682991522C009734B2 /* Debug */,
				9E5DAE692991522C009734B2 /* Release */,
			);
			defaultConfigurationIsVisible = 0;
			defaultConfigurationName = Release;
		};
		9E5DAE6A2991522C009734B2 /* Build configuration list for PBXNativeTarget "mat-zipTests" */ = {
			isa = XCConfigurationList;
			buildConfigurations = (
				9E5DAE6B2991522C009734B2 /* Debug */,
				9E5DAE6C2991522C009734B2 /* Release */,
			);
			defaultConfigurationIsVisible = 0;
			defaultConfigurationName = Release;
		};
		9E5DAE6D2991522C009734B2 /* Build configuration list for PBXNativeTarget "mat-zipUITests" */ = {
			isa = XCConfigurationList;
			buildConfigurations = (
				9E5DAE6E2991522C009734B2 /* Debug */,
				9E5DAE6F2991522C009734B2 /* Release */,
			);
			defaultConfigurationIsVisible = 0;
			defaultConfigurationName = Release;
		};
/* End XCConfigurationList section */
	};
	rootObject = 9E5DAE352991522B009734B2 /* Project object */;
}
